
Microsoft Visual Studio Solution File, Format Version 12.00
# Visual Studio Version 17
VisualStudioVersion = 17.0.31903.59
MinimumVisualStudioVersion = 10.0.40219.1
Project("{2150E333-8FDC-42A3-9474-1A3956D46DE8}") = "src", "src", "{827E0CD3-B72D-47B6-A68D-7590B98EB39B}"
EndProject
Project("{FAE04EC0-301F-11D3-BF4B-00C04F79EFBC}") = "RoslynMcpServer.Abstractions", "src\RoslynMcpServer.Abstractions\RoslynMcpServer.Abstractions.csproj", "{DC5C234E-879D-4F00-9393-DD5C3F57ED30}"
EndProject
Project("{FAE04EC0-301F-11D3-BF4B-00C04F79EFBC}") = "RoslynMcpServer.Application", "src\RoslynMcpServer.Application\RoslynMcpServer.Application.csproj", "{58D80790-8033-4E23-B53A-E4368F9F1A96}"
EndProject
Project("{FAE04EC0-301F-11D3-BF4B-00C04F79EFBC}") = "RoslynMcpServer.Domain", "src\RoslynMcpServer.Domain\RoslynMcpServer.Domain.csproj", "{C3613C49-A1DC-41AE-B873-0B6AB4CC27A8}"
EndProject
Project("{FAE04EC0-301F-11D3-BF4B-00C04F79EFBC}") = "RoslynMcpServer.Infrastructure", "src\RoslynMcpServer.Infrastructure\RoslynMcpServer.Infrastructure.csproj", "{7D4A7E84-444E-4B2B-9502-D4DBD4407292}"
EndProject
Project("{FAE04EC0-301F-11D3-BF4B-00C04F79EFBC}") = "RoslynMcpServer.Infrastructure.Roslyn", "src\RoslynMcpServer.Infrastructure.Roslyn\RoslynMcpServer.Infrastructure.Roslyn.csproj", "{04C2A18C-C497-49CA-B93D-279CDE28532D}"
EndProject
Project("{FAE04EC0-301F-11D3-BF4B-00C04F79EFBC}") = "RoslynMcpServer.Mcp", "src\RoslynMcpServer.Mcp\RoslynMcpServer.Mcp.csproj", "{6D5F2D26-536E-4FCB-B774-4B2FCBA2831E}"
EndProject
Project("{FAE04EC0-301F-11D3-BF4B-00C04F79EFBC}") = "RoslynMcpServer.Host.Stdio", "src\RoslynMcpServer.Host.Stdio\RoslynMcpServer.Host.Stdio.csproj", "{4E1B82C9-ADE4-41C4-AAD3-5F6086396444}"
EndProject
Project("{FAE04EC0-301F-11D3-BF4B-00C04F79EFBC}") = "RoslynMcpServer.Host.Http", "src\RoslynMcpServer.Host.Http\RoslynMcpServer.Host.Http.csproj", "{87802F68-CEDA-4442-9016-EC39DACE2906}"
EndProject
Project("{2150E333-8FDC-42A3-9474-1A3956D46DE8}") = "tests", "tests", "{0AB3BF05-4346-4AA6-1389-037BE0695223}"
EndProject
Project("{FAE04EC0-301F-11D3-BF4B-00C04F79EFBC}") = "RoslynMcpServer.UnitTests", "tests\RoslynMcpServer.UnitTests\RoslynMcpServer.UnitTests.csproj", "{A47F7619-6171-49A9-A2A6-2D5F4B5DC2FA}"
EndProject
Project("{FAE04EC0-301F-11D3-BF4B-00C04F79EFBC}") = "RoslynMcpServer.IntegrationTests", "tests\RoslynMcpServer.IntegrationTests\RoslynMcpServer.IntegrationTests.csproj", "{73BEAC45-8CC8-4F6B-BCDB-3B75B7EE4169}"
EndProject
Project("{FAE04EC0-301F-11D3-BF4B-00C04F79EFBC}") = "RoslynMcpServer.ProtocolTests", "tests\RoslynMcpServer.ProtocolTests\RoslynMcpServer.ProtocolTests.csproj", "{4CF31D5F-06EB-4115-9E4D-C9CF1A69E558}"
EndProject
Global
	GlobalSection(SolutionConfigurationPlatforms) = preSolution
		Debug|Any CPU = Debug|Any CPU
		Debug|x64 = Debug|x64
		Debug|x86 = Debug|x86
		Release|Any CPU = Release|Any CPU
		Release|x64 = Release|x64
		Release|x86 = Release|x86
	EndGlobalSection
	GlobalSection(ProjectConfigurationPlatforms) = postSolution
		{DC5C234E-879D-4F00-9393-DD5C3F57ED30}.Debug|Any CPU.ActiveCfg = Debug|Any CPU
		{DC5C234E-879D-4F00-9393-DD5C3F57ED30}.Debug|Any CPU.Build.0 = Debug|Any CPU
		{DC5C234E-879D-4F00-9393-DD5C3F57ED30}.Debug|x64.ActiveCfg = Debug|Any CPU
		{DC5C234E-879D-4F00-9393-DD5C3F57ED30}.Debug|x64.Build.0 = Debug|Any CPU
		{DC5C234E-879D-4F00-9393-DD5C3F57ED30}.Debug|x86.ActiveCfg = Debug|Any CPU
		{DC5C234E-879D-4F00-9393-DD5C3F57ED30}.Debug|x86.Build.0 = Debug|Any CPU
		{DC5C234E-879D-4F00-9393-DD5C3F57ED30}.Release|Any CPU.ActiveCfg = Release|Any CPU
		{DC5C234E-879D-4F00-9393-DD5C3F57ED30}.Release|Any CPU.Build.0 = Release|Any CPU
		{DC5C234E-879D-4F00-9393-DD5C3F57ED30}.Release|x64.ActiveCfg = Release|Any CPU
		{DC5C234E-879D-4F00-9393-DD5C3F57ED30}.Release|x64.Build.0 = Release|Any CPU
		{DC5C234E-879D-4F00-9393-DD5C3F57ED30}.Release|x86.ActiveCfg = Release|Any CPU
		{DC5C234E-879D-4F00-9393-DD5C3F57ED30}.Release|x86.Build.0 = Release|Any CPU
		{58D80790-8033-4E23-B53A-E4368F9F1A96}.Debug|Any CPU.ActiveCfg = Debug|Any CPU
		{58D80790-8033-4E23-B53A-E4368F9F1A96}.Debug|Any CPU.Build.0 = Debug|Any CPU
		{58D80790-8033-4E23-B53A-E4368F9F1A96}.Debug|x64.ActiveCfg = Debug|Any CPU
		{58D80790-8033-4E23-B53A-E4368F9F1A96}.Debug|x64.Build.0 = Debug|Any CPU
		{58D80790-8033-4E23-B53A-E4368F9F1A96}.Debug|x86.ActiveCfg = Debug|Any CPU
		{58D80790-8033-4E23-B53A-E4368F9F1A96}.Debug|x86.Build.0 = Debug|Any CPU
		{58D80790-8033-4E23-B53A-E4368F9F1A96}.Release|Any CPU.ActiveCfg = Release|Any CPU
		{58D80790-8033-4E23-B53A-E4368F9F1A96}.Release|Any CPU.Build.0 = Release|Any CPU
		{58D80790-8033-4E23-B53A-E4368F9F1A96}.Release|x64.ActiveCfg = Release|Any CPU
		{58D80790-8033-4E23-B53A-E4368F9F1A96}.Release|x64.Build.0 = Release|Any CPU
		{58D80790-8033-4E23-B53A-E4368F9F1A96}.Release|x86.ActiveCfg = Release|Any CPU
		{58D80790-8033-4E23-B53A-E4368F9F1A96}.Release|x86.Build.0 = Release|Any CPU
		{C3613C49-A1DC-41AE-B873-0B6AB4CC27A8}.Debug|Any CPU.ActiveCfg = Debug|Any CPU
		{C3613C49-A1DC-41AE-B873-0B6AB4CC27A8}.Debug|Any CPU.Build.0 = Debug|Any CPU
		{C3613C49-A1DC-41AE-B873-0B6AB4CC27A8}.Debug|x64.ActiveCfg = Debug|Any CPU
		{C3613C49-A1DC-41AE-B873-0B6AB4CC27A8}.Debug|x64.Build.0 = Debug|Any CPU
		{C3613C49-A1DC-41AE-B873-0B6AB4CC27A8}.Debug|x86.ActiveCfg = Debug|Any CPU
		{C3613C49-A1DC-41AE-B873-0B6AB4CC27A8}.Debug|x86.Build.0 = Debug|Any CPU
		{C3613C49-A1DC-41AE-B873-0B6AB4CC27A8}.Release|Any CPU.ActiveCfg = Release|Any CPU
		{C3613C49-A1DC-41AE-B873-0B6AB4CC27A8}.Release|Any CPU.Build.0 = Release|Any CPU
		{C3613C49-A1DC-41AE-B873-0B6AB4CC27A8}.Release|x64.ActiveCfg = Release|Any CPU
		{C3613C49-A1DC-41AE-B873-0B6AB4CC27A8}.Release|x64.Build.0 = Release|Any CPU
		{C3613C49-A1DC-41AE-B873-0B6AB4CC27A8}.Release|x86.ActiveCfg = Release|Any CPU
		{C3613C49-A1DC-41AE-B873-0B6AB4CC27A8}.Release|x86.Build.0 = Release|Any CPU
		{7D4A7E84-444E-4B2B-9502-D4DBD4407292}.Debug|Any CPU.ActiveCfg = Debug|Any CPU
		{7D4A7E84-444E-4B2B-9502-D4DBD4407292}.Debug|Any CPU.Build.0 = Debug|Any CPU
		{7D4A7E84-444E-4B2B-9502-D4DBD4407292}.Debug|x64.ActiveCfg = Debug|Any CPU
		{7D4A7E84-444E-4B2B-9502-D4DBD4407292}.Debug|x64.Build.0 = Debug|Any CPU
		{7D4A7E84-444E-4B2B-9502-D4DBD4407292}.Debug|x86.ActiveCfg = Debug|Any CPU
		{7D4A7E84-444E-4B2B-9502-D4DBD4407292}.Debug|x86.Build.0 = Debug|Any CPU
		{7D4A7E84-444E-4B2B-9502-D4DBD4407292}.Release|Any CPU.ActiveCfg = Release|Any CPU
		{7D4A7E84-444E-4B2B-9502-D4DBD4407292}.Release|Any CPU.Build.0 = Release|Any CPU
		{7D4A7E84-444E-4B2B-9502-D4DBD4407292}.Release|x64.ActiveCfg = Release|Any CPU
		{7D4A7E84-444E-4B2B-9502-D4DBD4407292}.Release|x64.Build.0 = Release|Any CPU
		{7D4A7E84-444E-4B2B-9502-D4DBD4407292}.Release|x86.ActiveCfg = Release|Any CPU
		{7D4A7E84-444E-4B2B-9502-D4DBD4407292}.Release|x86.Build.0 = Release|Any CPU
		{04C2A18C-C497-49CA-B93D-279CDE28532D}.Debug|Any CPU.ActiveCfg = Debug|Any CPU
		{04C2A18C-C497-49CA-B93D-279CDE28532D}.Debug|Any CPU.Build.0 = Debug|Any CPU
		{04C2A18C-C497-49CA-B93D-279CDE28532D}.Debug|x64.ActiveCfg = Debug|Any CPU
		{04C2A18C-C497-49CA-B93D-279CDE28532D}.Debug|x64.Build.0 = Debug|Any CPU
		{04C2A18C-C497-49CA-B93D-279CDE28532D}.Debug|x86.ActiveCfg = Debug|Any CPU
		{04C2A18C-C497-49CA-B93D-279CDE28532D}.Debug|x86.Build.0 = Debug|Any CPU
		{04C2A18C-C497-49CA-B93D-279CDE28532D}.Release|Any CPU.ActiveCfg = Release|Any CPU
		{04C2A18C-C497-49CA-B93D-279CDE28532D}.Release|Any CPU.Build.0 = Release|Any CPU
		{04C2A18C-C497-49CA-B93D-279CDE28532D}.Release|x64.ActiveCfg = Release|Any CPU
		{04C2A18C-C497-49CA-B93D-279CDE28532D}.Release|x64.Build.0 = Release|Any CPU
		{04C2A18C-C497-49CA-B93D-279CDE28532D}.Release|x86.ActiveCfg = Release|Any CPU
		{04C2A18C-C497-49CA-B93D-279CDE28532D}.Release|x86.Build.0 = Release|Any CPU
		{6D5F2D26-536E-4FCB-B774-4B2FCBA2831E}.Debug|Any CPU.ActiveCfg = Debug|Any CPU
		{6D5F2D26-536E-4FCB-B774-4B2FCBA2831E}.Debug|Any CPU.Build.0 = Debug|Any CPU
		{6D5F2D26-536E-4FCB-B774-4B2FCBA2831E}.Debug|x64.ActiveCfg = Debug|Any CPU
		{6D5F2D26-536E-4FCB-B774-4B2FCBA2831E}.Debug|x64.Build.0 = Debug|Any CPU
		{6D5F2D26-536E-4FCB-B774-4B2FCBA2831E}.Debug|x86.ActiveCfg = Debug|Any CPU
		{6D5F2D26-536E-4FCB-B774-4B2FCBA2831E}.Debug|x86.Build.0 = Debug|Any CPU
		{6D5F2D26-536E-4FCB-B774-4B2FCBA2831E}.Release|Any CPU.ActiveCfg = Release|Any CPU
		{6D5F2D26-536E-4FCB-B774-4B2FCBA2831E}.Release|Any CPU.Build.0 = Release|Any CPU
		{6D5F2D26-536E-4FCB-B774-4B2FCBA2831E}.Release|x64.ActiveCfg = Release|Any CPU
		{6D5F2D26-536E-4FCB-B774-4B2FCBA2831E}.Release|x64.Build.0 = Release|Any CPU
		{6D5F2D26-536E-4FCB-B774-4B2FCBA2831E}.Release|x86.ActiveCfg = Release|Any CPU
		{6D5F2D26-536E-4FCB-B774-4B2FCBA2831E}.Release|x86.Build.0 = Release|Any CPU
		{4E1B82C9-ADE4-41C4-AAD3-5F6086396444}.Debug|Any CPU.ActiveCfg = Debug|Any CPU
		{4E1B82C9-ADE4-41C4-AAD3-5F6086396444}.Debug|Any CPU.Build.0 = Debug|Any CPU
		{4E1B82C9-ADE4-41C4-AAD3-5F6086396444}.Debug|x64.ActiveCfg = Debug|Any CPU
		{4E1B82C9-ADE4-41C4-AAD3-5F6086396444}.Debug|x64.Build.0 = Debug|Any CPU
		{4E1B82C9-ADE4-41C4-AAD3-5F6086396444}.Debug|x86.ActiveCfg = Debug|Any CPU
		{4E1B82C9-ADE4-41C4-AAD3-5F6086396444}.Debug|x86.Build.0 = Debug|Any CPU
		{4E1B82C9-ADE4-41C4-AAD3-5F6086396444}.Release|Any CPU.ActiveCfg = Release|Any CPU
		{4E1B82C9-ADE4-41C4-AAD3-5F6086396444}.Release|Any CPU.Build.0 = Release|Any CPU
		{4E1B82C9-ADE4-41C4-AAD3-5F6086396444}.Release|x64.ActiveCfg = Release|Any CPU
		{4E1B82C9-ADE4-41C4-AAD3-5F6086396444}.Release|x64.Build.0 = Release|Any CPU
		{4E1B82C9-ADE4-41C4-AAD3-5F6086396444}.Release|x86.ActiveCfg = Release|Any CPU
		{4E1B82C9-ADE4-41C4-AAD3-5F6086396444}.Release|x86.Build.0 = Release|Any CPU
		{87802F68-CEDA-4442-9016-EC39DACE2906}.Debug|Any CPU.ActiveCfg = Debug|Any CPU
		{87802F68-CEDA-4442-9016-EC39DACE2906}.Debug|Any CPU.Build.0 = Debug|Any CPU
		{87802F68-CEDA-4442-9016-EC39DACE2906}.Debug|x64.ActiveCfg = Debug|Any CPU
		{87802F68-CEDA-4442-9016-EC39DACE2906}.Debug|x64.Build.0 = Debug|Any CPU
		{87802F68-CEDA-4442-9016-EC39DACE2906}.Debug|x86.ActiveCfg = Debug|Any CPU
		{87802F68-CEDA-4442-9016-EC39DACE2906}.Debug|x86.Build.0 = Debug|Any CPU
		{87802F68-CEDA-4442-9016-EC39DACE2906}.Release|Any CPU.ActiveCfg = Release|Any CPU
		{87802F68-CEDA-4442-9016-EC39DACE2906}.Release|Any CPU.Build.0 = Release|Any CPU
		{87802F68-CEDA-4442-9016-EC39DACE2906}.Release|x64.ActiveCfg = Release|Any CPU
		{87802F68-CEDA-4442-9016-EC39DACE2906}.Release|x64.Build.0 = Release|Any CPU
		{87802F68-CEDA-4442-9016-EC39DACE2906}.Release|x86.ActiveCfg = Release|Any CPU
		{87802F68-CEDA-4442-9016-EC39DACE2906}.Release|x86.Build.0 = Release|Any CPU
		{A47F7619-6171-49A9-A2A6-2D5F4B5DC2FA}.Debug|Any CPU.ActiveCfg = Debug|Any CPU
		{A47F7619-6171-49A9-A2A6-2D5F4B5DC2FA}.Debug|Any CPU.Build.0 = Debug|Any CPU
		{A47F7619-6171-49A9-A2A6-2D5F4B5DC2FA}.Debug|x64.ActiveCfg = Debug|Any CPU
		{A47F7619-6171-49A9-A2A6-2D5F4B5DC2FA}.Debug|x64.Build.0 = Debug|Any CPU
		{A47F7619-6171-49A9-A2A6-2D5F4B5DC2FA}.Debug|x86.ActiveCfg = Debug|Any CPU
		{A47F7619-6171-49A9-A2A6-2D5F4B5DC2FA}.Debug|x86.Build.0 = Debug|Any CPU
		{A47F7619-6171-49A9-A2A6-2D5F4B5DC2FA}.Release|Any CPU.ActiveCfg = Release|Any CPU
		{A47F7619-6171-49A9-A2A6-2D5F4B5DC2FA}.Release|Any CPU.Build.0 = Release|Any CPU
		{A47F7619-6171-49A9-A2A6-2D5F4B5DC2FA}.Release|x64.ActiveCfg = Release|Any CPU
		{A47F7619-6171-49A9-A2A6-2D5F4B5DC2FA}.Release|x64.Build.0 = Release|Any CPU
		{A47F7619-6171-49A9-A2A6-2D5F4B5DC2FA}.Release|x86.ActiveCfg = Release|Any CPU
		{A47F7619-6171-49A9-A2A6-2D5F4B5DC2FA}.Release|x86.Build.0 = Release|Any CPU
		{73BEAC45-8CC8-4F6B-BCDB-3B75B7EE4169}.Debug|Any CPU.ActiveCfg = Debug|Any CPU
		{73BEAC45-8CC8-4F6B-BCDB-3B75B7EE4169}.Debug|Any CPU.Build.0 = Debug|Any CPU
		{73BEAC45-8CC8-4F6B-BCDB-3B75B7EE4169}.Debug|x64.ActiveCfg = Debug|Any CPU
		{73BEAC45-8CC8-4F6B-BCDB-3B75B7EE4169}.Debug|x64.Build.0 = Debug|Any CPU
		{73BEAC45-8CC8-4F6B-BCDB-3B75B7EE4169}.Debug|x86.ActiveCfg = Debug|Any CPU
		{73BEAC45-8CC8-4F6B-BCDB-3B75B7EE4169}.Debug|x86.Build.0 = Debug|Any CPU
		{73BEAC45-8CC8-4F6B-BCDB-3B75B7EE4169}.Release|Any CPU.ActiveCfg = Release|Any CPU
		{73BEAC45-8CC8-4F6B-BCDB-3B75B7EE4169}.Release|Any CPU.Build.0 = Release|Any CPU
		{73BEAC45-8CC8-4F6B-BCDB-3B75B7EE4169}.Release|x64.ActiveCfg = Release|Any CPU
		{73BEAC45-8CC8-4F6B-BCDB-3B75B7EE4169}.Release|x64.Build.0 = Release|Any CPU
		{73BEAC45-8CC8-4F6B-BCDB-3B75B7EE4169}.Release|x86.ActiveCfg = Release|Any CPU
		{73BEAC45-8CC8-4F6B-BCDB-3B75B7EE4169}.Release|x86.Build.0 = Release|Any CPU
		{4CF31D5F-06EB-4115-9E4D-C9CF1A69E558}.Debug|Any CPU.ActiveCfg = Debug|Any CPU
		{4CF31D5F-06EB-4115-9E4D-C9CF1A69E558}.Debug|Any CPU.Build.0 = Debug|Any CPU
		{4CF31D5F-06EB-4115-9E4D-C9CF1A69E558}.Debug|x64.ActiveCfg = Debug|Any CPU
		{4CF31D5F-06EB-4115-9E4D-C9CF1A69E558}.Debug|x64.Build.0 = Debug|Any CPU
		{4CF31D5F-06EB-4115-9E4D-C9CF1A69E558}.Debug|x86.ActiveCfg = Debug|Any CPU
		{4CF31D5F-06EB-4115-9E4D-C9CF1A69E558}.Debug|x86.Build.0 = Debug|Any CPU
		{4CF31D5F-06EB-4115-9E4D-C9CF1A69E558}.Release|Any CPU.ActiveCfg = Release|Any CPU
		{4CF31D5F-06EB-4115-9E4D-C9CF1A69E558}.Release|Any CPU.Build.0 = Release|Any CPU
		{4CF31D5F-06EB-4115-9E4D-C9CF1A69E558}.Release|x64.ActiveCfg = Release|Any CPU
		{4CF31D5F-06EB-4115-9E4D-C9CF1A69E558}.Release|x64.Build.0 = Release|Any CPU
		{4CF31D5F-06EB-4115-9E4D-C9CF1A69E558}.Release|x86.ActiveCfg = Release|Any CPU
		{4CF31D5F-06EB-4115-9E4D-C9CF1A69E558}.Release|x86.Build.0 = Release|Any CPU
	EndGlobalSection
	GlobalSection(SolutionProperties) = preSolution
		HideSolutionNode = FALSE
	EndGlobalSection
	GlobalSection(NestedProjects) = preSolution
		{DC5C234E-879D-4F00-9393-DD5C3F57ED30} = {827E0CD3-B72D-47B6-A68D-7590B98EB39B}
		{58D80790-8033-4E23-B53A-E4368F9F1A96} = {827E0CD3-B72D-47B6-A68D-7590B98EB39B}
		{C3613C49-A1DC-41AE-B873-0B6AB4CC27A8} = {827E0CD3-B72D-47B6-A68D-7590B98EB39B}
		{7D4A7E84-444E-4B2B-9502-D4DBD4407292} = {827E0CD3-B72D-47B6-A68D-7590B98EB39B}
		{04C2A18C-C497-49CA-B93D-279CDE28532D} = {827E0CD3-B72D-47B6-A68D-7590B98EB39B}
		{6D5F2D26-536E-4FCB-B774-4B2FCBA2831E} = {827E0CD3-B72D-47B6-A68D-7590B98EB39B}
		{4E1B82C9-ADE4-41C4-AAD3-5F6086396444} = {827E0CD3-B72D-47B6-A68D-7590B98EB39B}
		{87802F68-CEDA-4442-9016-EC39DACE2906} = {827E0CD3-B72D-47B6-A68D-7590B98EB39B}
		{A47F7619-6171-49A9-A2A6-2D5F4B5DC2FA} = {0AB3BF05-4346-4AA6-1389-037BE0695223}
		{73BEAC45-8CC8-4F6B-BCDB-3B75B7EE4169} = {0AB3BF05-4346-4AA6-1389-037BE0695223}
		{4CF31D5F-06EB-4115-9E4D-C9CF1A69E558} = {0AB3BF05-4346-4AA6-1389-037BE0695223}
	EndGlobalSection
EndGlobal
